PODS:
  - AFNetworking (3.1.0):
    - AFNetworking/NSURLSession (= 3.1.0)
    - AFNetworking/Reachability (= 3.1.0)
    - AFNetworking/Security (= 3.1.0)
    - AFNetworking/Serialization (= 3.1.0)
    - AFNetworking/UIKit (= 3.1.0)
  - AFNetworking/NSURLSession (3.1.0):
    - AFNetworking/Reachability
    - AFNetworking/Security
    - AFNetworking/Serialization
  - AFNetworking/Reachability (3.1.0)
  - AFNetworking/Security (3.1.0)
  - AFNetworking/Serialization (3.1.0)
  - AFNetworking/UIKit (3.1.0):
    - AFNetworking/NSURLSession
  - DACircularProgress (2.3.1)
  - DZNEmptyDataSet (1.8.1)
  - FLAnimatedImage (1.0.12)
  - IQKeyboardManager (5.0.6)
  - Masonry (1.1.0)
  - MBProgressHUD (1.1.0)
  - MJExtension (3.0.13)
  - MJRefresh (3.1.15.1)
  - PYPhotoBrowser (1.5.6):
    - DACircularProgress
    - MBProgressHUD
    - SDWebImage/GIF (~> 4.2.1)
  - SDCycleScrollView (1.75):
    - SDWebImage (>= 4.0.0)
  - SDWebImage (4.2.2):
    - SDWebImage/Core (= 4.2.2)
  - SDWebImage/Core (4.2.2)
  - SDWebImage/GIF (4.2.2):
    - FLAnimatedImage (~> 1.0)
    - SDWebImage/Core
  - STPopup (1.8.3)
  - SVProgressHUD (2.2.2)
  - TZImagePickerController (1.9.6)
  - UITableView+FDTemplateLayoutCell (1.6)
  - YYText (1.0.7)
  - zhPopupController (1.0.2)

DEPENDENCIES:
  - AFNetworking (~> 3.1.0)
  - DZNEmptyDataSet (~> 1.8.1)
  - IQKeyboardManager (~> 5.0.6)
  - Masonry (~> 1.1.0)
  - MJExtension (~> 3.0.13)
  - MJRefresh (~> 3.1.15.1)
  - PYPhotoBrowser (~> 1.5.6)
  - SDCycleScrollView (~> 1.74)
  - SDWebImage
  - STPopup
  - SVProgressHUD (~> 2.2.2)
  - TZImagePickerController
  - UITableView+FDTemplateLayoutCell
  - YYText (~> 1.0.7)
  - zhPopupController (~> 1.0.2)

SPEC CHECKSUMS:
  AFNetworking: 5e0e199f73d8626b11e79750991f5d173d1f8b67
  DACircularProgress: 4dd437c0fc3da5161cb289e07ac449493d41db71
  DZNEmptyDataSet: 9525833b9e68ac21c30253e1d3d7076cc828eaa7
  FLAnimatedImage: 4a0b56255d9b05f18b6dd7ee06871be5d3b89e31
  IQKeyboardManager: 077b7f691dfa9d69db9cff66f2bed68ebfc02d9b
  Masonry: 678fab65091a9290e40e2832a55e7ab731aad201
  MBProgressHUD: e7baa36a220447d8aeb12769bf0585582f3866d9
  MJExtension: 5932755f451458eefa24239358817f8d291240c7
  MJRefresh: 5f8552bc25ca8751c010f621c1098dbdaacbccd6
  PYPhotoBrowser: 74f6526b290069a55943ed92e5a21f84c6d90ecf
  SDCycleScrollView: 884b88f0266dd4708a0e1934975c69cb971707b1
  SDWebImage: 89a9d32cd520bbb46eb14e541d5109b3564af198
  STPopup: da1167250a01584af7bcccb898653185f223ec46
  SVProgressHUD: 59b2d3dabacbd051576d21d32293ca7228dc18b0
  TZImagePickerController: 276dc7c0cc70da9ee354046474b405d87ef81c89
  UITableView+FDTemplateLayoutCell: 5c949b4a5059c404b442926c0e80f81d10a2d66f
  YYText: 5c461d709e24d55a182d1441c41dc639a18a4849
  zhPopupController: 411af38e63764130e4ae4ba5cde12c776dc84824

PODFILE CHECKSUM: 5eaa67ee3dbfee55bce71b63e11d4f4ed1739f8e

COCOAPODS: 1.2.1
